
Microsoft Visual Studio Solution File, Format Version 12.00
# Visual Studio 15
VisualStudioVersion = 15.0.27004.2006
MinimumVisualStudioVersion = 10.0.40219.1
Project("{9092AA53-FB77-4645-B42D-1CCCA6BD08BD}") = "TheBoard", "TheBoard\TheBoard.njsproj", "{2620DC75-E21E-48CB-B468-5787EBC4FE61}"
EndProject
Global
	GlobalSection(SolutionConfigurationPlatforms) = preSolution
		Debug|Any CPU = Debug|Any CPU
		Release|Any CPU = Release|Any CPU
	EndGlobalSection
	GlobalSection(ProjectConfigurationPlatforms) = postSolution
		{2620DC75-E21E-48CB-B468-5787EBC4FE61}.Debug|Any CPU.ActiveCfg = Debug|Any CPU
		{2620DC75-E21E-48CB-B468-5787EBC4FE61}.Debug|Any CPU.Build.0 = Debug|Any CPU
		{2620DC75-E21E-48CB-B468-5787EBC4FE61}.Release|Any CPU.ActiveCfg = Release|Any CPU
		{2620DC75-E21E-48CB-B468-5787EBC4FE61}.Release|Any CPU.Build.0 = Release|Any CPU
	EndGlobalSection
	GlobalSection(SolutionProperties) = preSolution
		HideSolutionNode = FALSE
	EndGlobalSection
	GlobalSection(ExtensibilityGlobals) = postSolution
		SolutionGuid = {796DCAF0-8D5D-48B7-8A02-AE0887F4F62B}
	EndGlobalSection
EndGlobal
